
Microsoft Visual Studio Solution File, Format Version 12.00
# Visual Studio 14
VisualStudioVersion = 14.0.25420.1
MinimumVisualStudioVersion = 10.0.40219.1
Project("{F184B08F-C81C-45F6-A57F-5ABD9991F28F}") = "HoneyComb", "HoneyComb\HoneyComb.vbproj", "{9E7D7BD4-C5F2-4FD0-9769-69D97BDD1259}"
EndProject
Project("{54435603-DBB4-11D2-8724-00A0C9A8B90C}") = "HoneyComb_Setup", "HoneyComb_Setup\HoneyComb_Setup.vdproj", "{BA110059-ED56-4E9C-AE85-F0013C494936}"
EndProject
Global
	GlobalSection(SolutionConfigurationPlatforms) = preSolution
		Debug|Any CPU = Debug|Any CPU
		Release|Any CPU = Release|Any CPU
	EndGlobalSection
	GlobalSection(ProjectConfigurationPlatforms) = postSolution
		{9E7D7BD4-C5F2-4FD0-9769-69D97BDD1259}.Debug|Any CPU.ActiveCfg = Debug|Any CPU
		{9E7D7BD4-C5F2-4FD0-9769-69D97BDD1259}.Debug|Any CPU.Build.0 = Debug|Any CPU
		{9E7D7BD4-C5F2-4FD0-9769-69D97BDD1259}.Release|Any CPU.ActiveCfg = Release|Any CPU
		{9E7D7BD4-C5F2-4FD0-9769-69D97BDD1259}.Release|Any CPU.Build.0 = Release|Any CPU
		{BA110059-ED56-4E9C-AE85-F0013C494936}.Debug|Any CPU.ActiveCfg = Debug
		{BA110059-ED56-4E9C-AE85-F0013C494936}.Release|Any CPU.ActiveCfg = Release
	EndGlobalSection
	GlobalSection(SolutionProperties) = preSolution
		HideSolutionNode = FALSE
	EndGlobalSection
EndGlobal
